{
  "version": 1,
  "dependencies": {
    "net10.0": {
      "MemoryPack": {
        "type": "Direct",
        "requested": "[1.21.4, )",
        "resolved": "1.21.4",
        "contentHash": "wy3JTBNBsO8LfQcBvvYsWr3lm2Oakolrfu0UQ3oSJSEiD+7ye0GUhYTaXuYYBowqsXBXWD9gf2218ae0JRiYVQ==",
        "dependencies": {
          "MemoryPack.Core": "1.21.4",
          "MemoryPack.Generator": "1.21.4"
        }
      },
      "Microsoft.Data.SqlClient": {
        "type": "Direct",
        "requested": "[7.1.1, )",
        "resolved": "7.1.1",
        "contentHash": "Moz4+bba/OdEM9I4jXWggduJ4sqoNcgVAQyXG/dNnGGvnS/YDr2fTjP83fg5YX3drgRki6fRAhR94P8dAZgZtQ==",
        "dependencies": {
          "Microsoft.Bcl.Cryptography": "9.0.18",
          "Microsoft.Data.SqlClient.Extensions.Abstractions": "[7.1.1, 8.0.0)",
          "Microsoft.Data.SqlClient.Internal.Logging": "[7.1.1, 8.0.0)",
          "Microsoft.Data.SqlClient.SNI.runtime": "[7.1.0, 8.0.0)",
          "Microsoft.Extensions.Caching.Memory": "9.0.18",
          "Microsoft.IdentityModel.JsonWebTokens": "8.16.0",
          "Microsoft.IdentityModel.Protocols.OpenIdConnect": "8.16.0",
          "Microsoft.SqlServer.Server": "[1.0.0, 2.0.0)",
          "System.Configuration.ConfigurationManager": "9.0.18",
          "System.Security.Cryptography.Pkcs": "9.0.18",
          "System.Threading.RateLimiting": "9.0.18"
        }
      },
      "Microsoft.Data.Sqlite": {
        "type": "Direct",
        "requested": "[10.0.12, )",
        "resolved": "10.0.12",
        "contentHash": "xUq9xUc653ue7ac2rMfCaf8UQN+U3zS8poWYlugycpvJllplMM0Mk7v/+MM0CTlu9zGvbGML4BPH8YWhrUOfGw==",
        "dependencies": {
          "Microsoft.Data.Sqlite.Core": "10.0.12",
          "SQLitePCLRaw.bundle_e_sqlite3": "2.1.12",
          "SQLitePCLRaw.core": "2.1.12"
        }
      },
      "Microsoft.Extensions.Caching.Memory": {
        "type": "Direct",
        "requested": "[10.0.12, )",
        "resolved": "10.0.12",
        "contentHash": "fhC3DHcBcFF4bXvHIxFtXJYNut7q7ZItqNFcgWfrIgmpVImlcEKNHhE7ztpNSPJYMHYYStS5QGND2I5mC26yeA==",
        "dependencies": {
          "Microsoft.Extensions.Caching.Abstractions": "10.0.12",
          "Microsoft.Extensions.DependencyInjection.Abstractions": "10.0.12",
          "Microsoft.Extensions.Logging.Abstractions": "10.0.12",
          "Microsoft.Extensions.Options": "10.0.12",
          "Microsoft.Extensions.Primitives": "10.0.12"
        }
      },
      "Microsoft.Garnet": {
        "type": "Direct",
        "requested": "[2.2.0, )",
        "resolved": "2.2.0",
        "contentHash": "EbdmfPqikF66T2xUGRUx8hXH1j0VDpVh7MDlT6UDv0hsFiLFDw0NrVxrlClEW7ym9zg3ZNdeAEOpyc3jRulVuA==",
        "dependencies": {
          "Azure.Identity": "1.17.0",
          "Azure.Storage.Blobs": "12.27.0",
          "CommandLineParser": "2.9.1",
          "KeraLua": "1.4.9",
          "Microsoft.Extensions.Configuration.Binder": "10.0.5",
          "Microsoft.Extensions.Logging": "10.0.5",
          "Microsoft.Extensions.Logging.Configuration": "10.0.5",
          "Microsoft.Extensions.Logging.Console": "10.0.5",
          "Microsoft.Identity.Client": "4.76.0",
          "Microsoft.IdentityModel.Protocols.OpenIdConnect": "8.17.0",
          "Microsoft.IdentityModel.Validators": "8.17.0",
          "System.IdentityModel.Tokens.Jwt": "8.17.0",
          "diskann-garnet": "5.0.3"
        }
      },
      "Npgsql": {
        "type": "Direct",
        "requested": "[10.0.3, )",
        "resolved": "10.0.3",
        "contentHash": "7nb5YzXuvWWJxB0J8DiyL3we+X4FOctZrt0fIBnucOIaIevFEEwGQVZKtiu9olXdlNAK1eNgqSral6r/jlhI4w==",
        "dependencies": {
          "Microsoft.Extensions.Logging.Abstractions": "10.0.0"
        }
      },
      "OpenTelemetry.Exporter.OpenTelemetryProtocol": {
        "type": "Direct",
        "requested": "[1.19.1, )",
        "resolved": "1.19.1",
        "contentHash": "vsYYOBf/KxNubnuoja8pjJ9LG0zCC9HAYPay+R6N5ZKZMbhNdKWbaq6JZqJqTvK+55rudiqErJySekf9ql8okA==",
        "dependencies": {
          "OpenTelemetry": "1.19.1"
        }
      },
      "prometheus-net": {
        "type": "Direct",
        "requested": "[8.2.1, )",
        "resolved": "8.2.1",
        "contentHash": "3wVgdEPOCBF752s2xps5T+VH+c9mJK8S8GKEDg49084P6JZMumTZI5Te6aJ9MQpX0sx7om6JOnBpIi7ZBmmiDQ==",
        "dependencies": {
          "Microsoft.Extensions.Http": "3.1.0",
          "Microsoft.Extensions.ObjectPool": "7.0.0"
        }
      },
      "StackExchange.Redis": {
        "type": "Direct",
        "requested": "[3.3.1, )",
        "resolved": "3.3.1",
        "contentHash": "AnA3ZuYnOQl2Hh/PXqV+JagA6QO8hiHovHBOc0PKz+uafVSsI0lYPQy8D0rklCC5Wpmc9MznEw+Lpt8e+LaB9w==",
        "dependencies": {
          "Microsoft.Extensions.Logging.Abstractions": "10.0.5",
          "RESPite": "3.3.1",
          "System.IO.Hashing": "10.0.12"
        }
      },
      "Antlr4.Runtime.Standard": {
        "type": "Transitive",
        "resolved": "4.13.1",
        "contentHash": "Da5+i4kFHUseJRZGcBG5fmZGpA/Ns180ibrQMxgZzjpQOnENVvSL5gi5HZ8Ncz8/AR2WsKbOg2lMBzjz0HUQcA=="
      },
      "Apache.Arrow": {
        "type": "Transitive",
        "resolved": "23.0.0",
        "contentHash": "cU4Zm7byFwnb82Ea9ZRvVnq2nJNf/TF9j+rj/MHlvu9RBYMqYtu4sJaR1JmMh3MmSIuwMafVg7PfJxPAMv9dGw==",
        "dependencies": {
          "Apache.Arrow.Scalars": "23.0.0"
        }
      },
      "Apache.Arrow.Scalars": {
        "type": "Transitive",
        "resolved": "23.0.0",
        "contentHash": "i53VmQ505ASXsStf7y29Z5qvhN6PGgFGNb6UUU7z1WmbzEgSjKQuIJkKKVbh+K5rtXRiKyr1Ah3Rmvbeb2BEHQ=="
      },
      "Azure.Core": {
        "type": "Transitive",
        "resolved": "1.50.0",
        "contentHash": "GBNKZEhdIbTXxedvD3R7I/yDVFX9jJJEz02kCziFSJxspSQ5RMHc3GktulJ1s7+ffXaXD7kMgrtdQTaggyInLw==",
        "dependencies": {
          "Microsoft.Bcl.AsyncInterfaces": "8.0.0",
          "System.ClientModel": "1.8.0",
          "System.Memory.Data": "8.0.1"
        }
      },
      "Azure.Identity": {
        "type": "Transitive",
        "resolved": "1.17.0",
        "contentHash": "QZiMa1O5lTniWTSDPyPVdBKOS0/M5DWXTfQ2xLOot96yp8Q5A69iScGtzCIxfbg/4bmp/TynibZ2VK1v3qsSNA==",
        "dependencies": {
          "Azure.Core": "1.49.0",
          "Microsoft.Identity.Client": "4.76.0",
          "Microsoft.Identity.Client.Extensions.Msal": "4.76.0"
        }
      },
      "Azure.Storage.Blobs": {
        "type": "Transitive",
        "resolved": "12.27.0",
        "contentHash": "zI5rg1tTtnA8T2g2/21l+1iIUdDjpEQQ0FI1BabJVEQJ1JUyTQKrc41eNabAHs0SBHprl6pu/6OqIMK9Ve+4tQ==",
        "dependencies": {
          "Azure.Core": "1.50.0",
          "Azure.Storage.Common": "12.26.0"
        }
      },
      "Azure.Storage.Common": {
        "type": "Transitive",
        "resolved": "12.26.0",
        "contentHash": "XaT6CDcSshZb7KaCTwc6m4EouZbLBg7ciOEpsJSdJCvkNsZJQCvPKw7V5TtXno19AA1NpwtsZriYque8mzbQVg==",
        "dependencies": {
          "Azure.Core": "1.50.0",
          "System.IO.Hashing": "10.0.1"
        }
      },
      "Casbin.NET": {
        "type": "Transitive",
        "resolved": "2.21.3",
        "contentHash": "K17VAOGfYm6JOGw/QDnahOblsj2gP8En6RQ35v/5BrBMvPBl/cXzIiSXXzYWG6Ju7OkM+CVjBu3wisQ7j/tctg==",
        "dependencies": {
          "CsvHelper": "32.0.3",
          "DotNet.Glob": "3.1.3",
          "DynamicExpresso.Core": "2.16.1",
          "Microsoft.Extensions.Configuration.Ini": "9.0.0-preview.4.24266.19",
          "Microsoft.Extensions.Logging": "9.0.0-preview.4.24266.19"
        }
      },
      "CommandLineParser": {
        "type": "Transitive",
        "resolved": "2.9.1",
        "contentHash": "OE0sl1/sQ37bjVsPKKtwQlWDgqaxWgtme3xZz7JssWUzg5JpMIyHgCTY9MVMxOg48fJ1AgGT3tgdH5m/kQ5xhA=="
      },
      "CommunityToolkit.HighPerformance": {
        "type": "Transitive",
        "resolved": "8.4.2",
        "contentHash": "2hmtrrU18x6NL3mbuAqwy0KpnoEEJOuK6sH5RKQfD/jHijn2pqvqBUC7WGy9dgNBL9BDA7eOC0kirsNPMp2f4Q=="
      },
      "CsvHelper": {
        "type": "Transitive",
        "resolved": "32.0.3",
        "contentHash": "JNDkd4Wc2Tim5IuyL8Ai13RhzRvaHItseEvlJ2YRkx2SMBFrIsW8a5+/o4/O1jsb6mlviihR6Hfyn+nqY6CurA=="
      },
      "diskann-garnet": {
        "type": "Transitive",
        "resolved": "5.0.3",
        "contentHash": "CM1ArlK7U1E65Ijxhe4LAi3XEIX6/+TOZAXJ89c/FYqTbZf1/WTgaNwINPFQ/6r/yoqqwC8Zjq2wDV+3hCAcOg=="
      },
      "DotNet.Glob": {
        "type": "Transitive",
        "resolved": "3.1.3",
        "contentHash": "hOfHw7MLJw/tbXaFwR1oiDb+dIXDp8URTxp5Pco42OOhiw77wrUNx6v6syNygHZbWwYdXQocL2Mo1l5FnfDVjg=="
      },
      "DuckDB.NET.Bindings.Full": {
        "type": "Transitive",
        "resolved": "1.5.6",
        "contentHash": "phg/EJHrcG+bqgD/EnDryWlcFtL6L09Wn9o1UVoERTp7OnAmU5AyCSKreZUkFHacNRlxlAfAIJ2IGqJ2R6O18Q=="
      },
      "DuckDB.NET.Data.Full": {
        "type": "Transitive",
        "resolved": "1.5.6",
        "contentHash": "9FPuQZKtKGT9lr6GfOHGNJWXsQKjRBnWdPus6/1e/f5R106DszaxLuRLCDDwlgy6XdC0Lgm4H9zqV6LkZ7gTQw==",
        "dependencies": {
          "Apache.Arrow": "23.0.0",
          "DuckDB.NET.Bindings.Full": "1.5.6"
        }
      },
      "DynamicExpresso.Core": {
        "type": "Transitive",
        "resolved": "2.16.1",
        "contentHash": "RQxI6Ov/cfOcbTEQ8tLBJH5J7/W2uWvZjDCMTLAUZa91Z39Vj31wapSy6dyuEsw1FCZVqTipqoWw+t5qMi2ljA=="
      },
      "FluentValidation": {
        "type": "Transitive",
        "resolved": "12.1.1",
        "contentHash": "EPpkIe1yh1a0OXyC100oOA8WMbZvqUu5plwhvYcb7oSELfyUZzfxV48BLhvs3kKo4NwG7MGLNgy1RJiYtT8Dpw=="
      },
      "HotChocolate.Language": {
        "type": "Transitive",
        "resolved": "16.6.7",
        "contentHash": "ZgAY9EYf2s0XM7Dh9vkPiQVsWq7JEMwljE3wtR2UG5HghzmQSYzPO0JY9ZiDP5S6dgzRGSntMrh5oCTwhHfgcA==",
        "dependencies": {
          "HotChocolate.Language.SyntaxTree": "16.6.7",
          "HotChocolate.Language.Utf8": "16.6.7",
          "HotChocolate.Language.Visitors": "16.6.7",
          "HotChocolate.Language.Web": "16.6.7"
        }
      },
      "HotChocolate.Language.SyntaxTree": {
        "type": "Transitive",
        "resolved": "16.6.7",
        "contentHash": "HL54ut0kVSFlE6cxpfI2d7D9dbSwhr+g6WlLso3DbbMRdfDpo1e7252v9XzNMxhlKuQ3kLaftW5cGg0zXGDgWQ==",
        "dependencies": {
          "HotChocolate.Utilities.Buffers": "16.6.7",
          "Microsoft.Extensions.ObjectPool": "10.0.0"
        }
      },
      "HotChocolate.Language.Utf8": {
        "type": "Transitive",
        "resolved": "16.6.7",
        "contentHash": "VXksgef+I25mP22/d1v06Nj4wUezI7c3bh6iQnP5UKt1LxSdg2zhXWEVBO0zg+REWD7IZ9M4JMoX2vtmAkctUg==",
        "dependencies": {
          "HotChocolate.Language.SyntaxTree": "16.6.7",
          "HotChocolate.Language.Utf8.SyntaxTree": "16.6.7",
          "HotChocolate.Utilities.Buffers": "16.6.7"
        }
      },
      "HotChocolate.Language.Utf8.SyntaxTree": {
        "type": "Transitive",
        "resolved": "16.6.7",
        "contentHash": "g5jTB13vZjBkznvlr/u8NC/9TPoD6Myuj/RxxlCcjlr91SRSps7EqaK2gW6WA3UaA4tcsqnN+ztzdgCnyau3hw==",
        "dependencies": {
          "HotChocolate.Language.SyntaxTree": "16.6.7",
          "HotChocolate.Utilities.Buffers": "16.6.7"
        }
      },
      "HotChocolate.Language.Visitors": {
        "type": "Transitive",
        "resolved": "16.6.7",
        "contentHash": "nB3GGG87uSY2gBZrR4qRSe07oFxx1uYJjmuPJspu/Ys11qXJG2uN14A3Ij7i78UNVKZMhoGEVT02784FmQhJTA==",
        "dependencies": {
          "HotChocolate.Language.SyntaxTree": "16.6.7"
        }
      },
      "HotChocolate.Language.Web": {
        "type": "Transitive",
        "resolved": "16.6.7",
        "contentHash": "b1gH4lprf5B0+zETyN8E4cHYELjFSqnRAG+/fa8msD/SGCquIUIaz0qj6OScTZtM4mfCGw6H1EteQmtv4luoVA==",
        "dependencies": {
          "HotChocolate.Language.Utf8": "16.6.7",
          "HotChocolate.Language.Visitors": "16.6.7"
        }
      },
      "HotChocolate.Utilities.Buffers": {
        "type": "Transitive",
        "resolved": "16.6.7",
        "contentHash": "sgbbaFCT5tRsghvIQ2CqzJymAXizG91qqdbCwp1lsX+nQm7FnaI56YNSzWpwbKBiQ3191pLcPOsZbcsTPS94tg=="
      },
      "K4os.Compression.LZ4": {
        "type": "Transitive",
        "resolved": "1.3.8",
        "contentHash": "LhwlPa7c1zs1OV2XadMtAWdImjLIsqFJPoRcIWAadSRn0Ri1DepK65UbWLPmt4riLqx2d40xjXRk0ogpqNtK7g=="
      },
      "KeraLua": {
        "type": "Transitive",
        "resolved": "1.4.9",
        "contentHash": "oxor0U3bFxMRLY9TQ9QjDiiX1ojH2se5ei1T0hsSovqE+gAkC7ucqvApWBoClHUPOOsp/taWtzbZ+ZfP0Q4Nsw=="
      },
      "MemoryPack.Core": {
        "type": "Transitive",
        "resolved": "1.21.4",
        "contentHash": "6RszGorZ0ejNmp37ZcboPBMvvPCuNW2jlrdQfcs/lMzE5b3pmPF6hsm/laDc34hRlbAST1ZxaX/DvYu2DF5sBQ=="
      },
      "MemoryPack.Generator": {
        "type": "Transitive",
        "resolved": "1.21.4",
        "contentHash": "g14EsSS85yn0lHTi0J9ivqlZMf09A2iI51fmI+0KkzIzyCbWOBWPi5mdaY7YWmXprk12aYh9u/qfWHQUYthlwg=="
      },
      "Microsoft.Bcl.AsyncInterfaces": {
        "type": "Transitive",
        "resolved": "8.0.0",
        "contentHash": "3WA9q9yVqJp222P3x1wYIGDAkpjAku0TMUaaQV22g6L67AI0LdOIrVS7Ht2vJfLHGSPVuqN94vIr15qn+HEkHw=="
      },
      "Microsoft.Bcl.Cryptography": {
        "type": "Transitive",
        "resolved": "9.0.18",
        "contentHash": "42XcqOGj0jTNW6FphUEuhNLCdVQsYbYCf2pPlkWdz1uDyxxirpcxyjg7pWIBgPCjzk6rv/irgLya/2tDJKIpYg=="
      },
      "Microsoft.Data.SqlClient.Extensions.Abstractions": {
        "type": "Transitive",
        "resolved": "7.1.1",
        "contentHash": "qP/zUOCJwfKqWNC9o+TWqltfNbLnZi1APNpJZgj0yeEJhoI+h+eoQLX+331yZHNOlDxdafZLP5arW/yrS1jAAw==",
        "dependencies": {
          "Microsoft.Data.SqlClient.Internal.Logging": "[7.1.1, 8.0.0)"
        }
      },
      "Microsoft.Data.SqlClient.Internal.Logging": {
        "type": "Transitive",
        "resolved": "7.1.1",
        "contentHash": "bVqbATLnHQngue7U9K7GRnzvfdDa7IyiBU2vijfU2vBMBSZrAnQp/wXqNSfaVonckSaMXUk07wfujTqy9IVMdw=="
      },
      "Microsoft.Data.SqlClient.SNI.runtime": {
        "type": "Transitive",
        "resolved": "7.1.0",
        "contentHash": "rWunOb6Dby0lcI82PohARcRbF+4x4wNKxnKRSHXhuwZMu8/cCS68DCfhceq4bv1gUEfoL5dWXHYnfxVvLQUN+Q=="
      },
      "Microsoft.Data.Sqlite.Core": {
        "type": "Transitive",
        "resolved": "10.0.12",
        "contentHash": "2aL9eL5HQr0V4b8V909SD+jQAx6qnTTl7sT/v3D8dIvmr2UGdpZIQxqm1pj2Js3e4EYTvpw0oMH7DjapJJuPPw==",
        "dependencies": {
          "SQLitePCLRaw.core": "2.1.12"
        }
      },
      "Microsoft.Extensions.Caching.Abstractions": {
        "type": "Transitive",
        "resolved": "10.0.12",
        "contentHash": "sI3A6MUAyZwccLnwq0cXuRmC3WBtXieimBWafXSfhRJ4jnM2uGVXrqImDDVyW27u4vVaTOGlJxNJd8d1FGvCNQ==",
        "dependencies": {
          "Microsoft.Extensions.Primitives": "10.0.12"
        }
      },
      "Microsoft.Extensions.Configuration": {
        "type": "Transitive",
        "resolved": "10.0.12",
        "contentHash": "e3IPP32CRNL031VZJAUTlCTG0YN7WFh4mN3fsSHTDQCJB+3+f0jGycv4fXk3rrftaY3B85XrQaj7sRthrOsavg==",
        "dependencies": {
          "Microsoft.Extensions.Configuration.Abstractions": "10.0.12",
          "Microsoft.Extensions.Primitives": "10.0.12"
        }
      },
      "Microsoft.Extensions.Configuration.Abstractions": {
        "type": "Transitive",
        "resolved": "10.0.12",
        "contentHash": "8xaGcvS/qZ1otoxPQCEJkNva389CVL/plNcvIETZhQTETYdRkYDPEYhUMoAGONo4FU45ufdfE0j29AfWVVj0wA==",
        "dependencies": {
          "Microsoft.Extensions.Primitives": "10.0.12"
        }
      },
      "Microsoft.Extensions.Configuration.Binder": {
        "type": "Transitive",
        "resolved": "10.0.12",
        "contentHash": "dAgIf1TOr8KLs+aBRIbXUZBjHoSH4rDG8+XkX/Q6AZwkQdMA0+yPDKTHsieeXdZDfpOpZVHzOnuAb5Z2nX3KsA==",
        "dependencies": {
          "Microsoft.Extensions.Configuration": "10.0.12",
          "Microsoft.Extensions.Configuration.Abstractions": "10.0.12"
        }
      },
      "Microsoft.Extensions.Configuration.EnvironmentVariables": {
        "type": "Transitive",
        "resolved": "10.0.0",
        "contentHash": "TmFegsI/uCdwMBD4yKpmO+OkjVNHQL49Dh/ep83NI5rPUEoBK9OdsJo1zURc1A2FuS/R/Pos3wsTjlyLnguBLA==",
        "dependencies": {
          "Microsoft.Extensions.Configuration": "10.0.0",
          "Microsoft.Extensions.Configuration.Abstractions": "10.0.0"
        }
      },
      "Microsoft.Extensions.Configuration.FileExtensions": {
        "type": "Transitive",
        "resolved": "9.0.0-preview.4.24266.19",
        "contentHash": "tqqV4YIN4X3fY/8G2IBy+u+F5BPr752ne+vEvWx9iXKlWykgWfExhX8PUzGsbigLeGAgkgkGl2HM/DuyfLaLOg==",
        "dependencies": {
          "Microsoft.Extensions.Configuration": "9.0.0-preview.4.24266.19",
          "Microsoft.Extensions.Configuration.Abstractions": "9.0.0-preview.4.24266.19",
          "Microsoft.Extensions.FileProviders.Abstractions": "9.0.0-preview.4.24266.19",
          "Microsoft.Extensions.FileProviders.Physical": "9.0.0-preview.4.24266.19",
          "Microsoft.Extensions.Primitives": "9.0.0-preview.4.24266.19"
        }
      },
      "Microsoft.Extensions.Configuration.Ini": {
        "type": "Transitive",
        "resolved": "9.0.0-preview.4.24266.19",
        "contentHash": "uRwBzwLMdjxytL70M+wtvFThfOuSgMLAQL+Fyide4ShcOLorT9NLBvCToFbB4zTU+RKEK02e8zGq+ejlhEoq5w==",
        "dependencies": {
          "Microsoft.Extensions.Configuration": "9.0.0-preview.4.24266.19",
          "Microsoft.Extensions.Configuration.Abstractions": "9.0.0-preview.4.24266.19",
          "Microsoft.Extensions.Configuration.FileExtensions": "9.0.0-preview.4.24266.19",
          "Microsoft.Extensions.FileProviders.Abstractions": "9.0.0-preview.4.24266.19"
        }
      },
      "Microsoft.Extensions.DependencyInjection": {
        "type": "Transitive",
        "resolved": "10.0.12",
        "contentHash": "lXyK2O5GoYvfxW8eCFcD16JFbcoSTM1sJkAM0UHS1jZyl9NYMW64Tqm6OQFT0IDBjZi+xHt95/Zg+nxZhGFhZg==",
        "dependencies": {
          "Microsoft.Extensions.DependencyInjection.Abstractions": "10.0.12"
        }
      },
      "Microsoft.Extensions.DependencyInjection.Abstractions": {
        "type": "Transitive",
        "resolved": "10.0.12",
        "contentHash": "9/qymSh7hVDMGTGwrLz8MRp5zRyXy9adGDOs4HwRdnLil3oZGYuWeZjbmHgCQ9BL1qBroVfgUK3U/nb61617Cw=="
      },
      "Microsoft.Extensions.Diagnostics": {
        "type": "Transitive",
        "resolved": "10.0.12",
        "contentHash": "amx0O/R4dReqKlC3T740+CHpX8D8tAIV0f5kAPfFi4XK9jYo9BSepGt9/rWfvvCoSMaZ1+XvnqPp/Vv2fmTdAg==",
        "dependencies": {
          "Microsoft.Extensions.Configuration": "10.0.12",
          "Microsoft.Extensions.Diagnostics.Abstractions": "10.0.12",
          "Microsoft.Extensions.Options.ConfigurationExtensions": "10.0.12"
        }
      },
      "Microsoft.Extensions.Diagnostics.Abstractions": {
        "type": "Transitive",
        "resolved": "10.0.12",
        "contentHash": "fMp91qlRlMOuHfMyp7LuAnOS+MOeWTF1obJmyFcs4nZCXu6pr+QB1AbFJcl2qpBltBrqF/Y7+Rn9IuNcSuctig==",
        "dependencies": {
          "Microsoft.Extensions.DependencyInjection.Abstractions": "10.0.12",
          "Microsoft.Extensions.Options": "10.0.12"
        }
      },
      "Microsoft.Extensions.FileProviders.Abstractions": {
        "type": "Transitive",
        "resolved": "10.0.12",
        "contentHash": "iQseV6HixWzEYQH4i++84ToIroXnM5jC1TJF4EqBz3lWNG1HBTMYDLkRb6Wm3wk5V6WqSfl7NukO/LYsloGyfg==",
        "dependencies": {
          "Microsoft.Extensions.Primitives": "10.0.12"
        }
      },
      "Microsoft.Extensions.FileProviders.Physical": {
        "type": "Transitive",
        "resolved": "9.0.0-preview.4.24266.19",
        "contentHash": "trJG0IZVFhl/FY7VP1mdMSs557rZsiPt26Cs33W2RB1JH7F56sg5yWB4y9Bv83BUp1HIS4kUXl0OOF+3QKl9xg==",
        "dependencies": {
          "Microsoft.Extensions.FileProviders.Abstractions": "9.0.0-preview.4.24266.19",
          "Microsoft.Extensions.FileSystemGlobbing": "9.0.0-preview.4.24266.19",
          "Microsoft.Extensions.Primitives": "9.0.0-preview.4.24266.19"
        }
      },
      "Microsoft.Extensions.FileSystemGlobbing": {
        "type": "Transitive",
        "resolved": "9.0.0-preview.4.24266.19",
        "contentHash": "viMkFtOO0cIp8csr4cwksXsKgVWHHi9ZcOcjrU0qx9PRocqqTIdPO2sCtEGe995njmd5PJBYfRC3LR9MN6zjiQ=="
      },
      "Microsoft.Extensions.Hosting.Abstractions": {
        "type": "Transitive",
        "resolved": "10.0.12",
        "contentHash": "ZlIxIJtWmrph0Ikj0svSaTkZ+d+ZYpTAhazpf1b3aoFRmlNnNWwkcvqnqT9yKHjKvfBRthvUrkq11OxfItOhpg==",
        "dependencies": {
          "Microsoft.Extensions.Configuration.Abstractions": "10.0.12",
          "Microsoft.Extensions.DependencyInjection.Abstractions": "10.0.12",
          "Microsoft.Extensions.Diagnostics.Abstractions": "10.0.12",
          "Microsoft.Extensions.FileProviders.Abstractions": "10.0.12",
          "Microsoft.Extensions.Logging.Abstractions": "10.0.12"
        }
      },
      "Microsoft.Extensions.Http": {
        "type": "Transitive",
        "resolved": "10.0.12",
        "contentHash": "x/fnoUGgmIUjSgLR1p6Mpi/vXc1Xe0xDPJnggPp23I6vwM/kY4nxyOjo8i6G5KPVw+esJM+rJsqnHbdjasvCBw==",
        "dependencies": {
          "Microsoft.Extensions.Configuration.Abstractions": "10.0.12",
          "Microsoft.Extensions.DependencyInjection.Abstractions": "10.0.12",
          "Microsoft.Extensions.Diagnostics": "10.0.12",
          "Microsoft.Extensions.Logging": "10.0.12",
          "Microsoft.Extensions.Logging.Abstractions": "10.0.12",
          "Microsoft.Extensions.Options": "10.0.12"
        }
      },
      "Microsoft.Extensions.Logging": {
        "type": "Transitive",
        "resolved": "10.0.12",
        "contentHash": "6I46fTPfgYkrjRYfRXbho9WOvOelTnNjWuZws/hzGHDASH1LEJeA4VKK9k3wJvido8o7jJSB5WkMTonX7HM1bA==",
        "dependencies": {
          "Microsoft.Extensions.DependencyInjection": "10.0.12",
          "Microsoft.Extensions.Logging.Abstractions": "10.0.12",
          "Microsoft.Extensions.Options": "10.0.12"
        }
      },
      "Microsoft.Extensions.Logging.Abstractions": {
        "type": "Transitive",
        "resolved": "10.0.12",
        "contentHash": "+24lC4plfbEDNfLAdTV/SWKS7dW+16X4HdydO3R++134kSNTzcbYA4KpR1Hdh6uWisB8Za3AzwyOn+K+NxWIug==",
        "dependencies": {
          "Microsoft.Extensions.DependencyInjection.Abstractions": "10.0.12"
        }
      },
      "Microsoft.Extensions.Logging.Configuration": {
        "type": "Transitive",
        "resolved": "10.0.5",
        "contentHash": "cSgxsDgfP0+gmVRPVoNHI/KIDavIZxh+CxE6tSLPlYTogqccDnjBFI9CgEsiNuMP6+fiuXUwhhlTz36uUEpwbQ==",
        "dependencies": {
          "Microsoft.Extensions.Configuration": "10.0.5",
          "Microsoft.Extensions.Configuration.Abstractions": "10.0.5",
          "Microsoft.Extensions.Configuration.Binder": "10.0.5",
          "Microsoft.Extensions.DependencyInjection.Abstractions": "10.0.5",
          "Microsoft.Extensions.Logging": "10.0.5",
          "Microsoft.Extensions.Logging.Abstractions": "10.0.5",
          "Microsoft.Extensions.Options": "10.0.5",
          "Microsoft.Extensions.Options.ConfigurationExtensions": "10.0.5"
        }
      },
      "Microsoft.Extensions.Logging.Console": {
        "type": "Transitive",
        "resolved": "10.0.5",
        "contentHash": "PMs2gha2v24hvH5o5KQem5aNK4mN0BhhCWlMqsg9tzifWKzjeQi2tyPOP/RaWMVvalOhVLcrmoMYPqbnia/epg==",
        "dependencies": {
          "Microsoft.Extensions.DependencyInjection.Abstractions": "10.0.5",
          "Microsoft.Extensions.Logging": "10.0.5",
          "Microsoft.Extensions.Logging.Abstractions": "10.0.5",
          "Microsoft.Extensions.Logging.Configuration": "10.0.5",
          "Microsoft.Extensions.Options": "10.0.5"
        }
      },
      "Microsoft.Extensions.ObjectPool": {
        "type": "Transitive",
        "resolved": "10.0.12",
        "contentHash": "opBULzn9F7ZOL8EoFuqM2QjI6x9AG04DFNdnU2ky/kI4aUzbiXEfuy9jvCuu3D/ieccuDHTlalyC62esPD8wGg=="
      },
      "Microsoft.Extensions.Options": {
        "type": "Transitive",
        "resolved": "10.0.12",
        "contentHash": "TDYD33TSRpXKZWlmTXNlj5kCihxatmv2Ec1u6C+bMYLphCS7PoSLE9Pjd/nunDoE7yETk+LLKjVJX78HYtWjpA==",
        "dependencies": {
          "Microsoft.Extensions.DependencyInjection.Abstractions": "10.0.12",
          "Microsoft.Extensions.Primitives": "10.0.12"
        }
      },
      "Microsoft.Extensions.Options.ConfigurationExtensions": {
        "type": "Transitive",
        "resolved": "10.0.12",
        "contentHash": "rqpu4qj5WE9x1IHGXSIgHBKi7IUlQaHyp4aXCYIanG2OghlUMFZpZTgExaXwcvmLAJHsxKQWMPpc7D2WIbCVtA==",
        "dependencies": {
          "Microsoft.Extensions.Configuration.Abstractions": "10.0.12",
          "Microsoft.Extensions.Configuration.Binder": "10.0.12",
          "Microsoft.Extensions.DependencyInjection.Abstractions": "10.0.12",
          "Microsoft.Extensions.Options": "10.0.12",
          "Microsoft.Extensions.Primitives": "10.0.12"
        }
      },
      "Microsoft.Extensions.Primitives": {
        "type": "Transitive",
        "resolved": "10.0.12",
        "contentHash": "dYfCLR52UA+3DL7C4I/pvSaRPkNqxrUAQmbFL2u0zvYKKzqgrFCJl08Df+F1aYc8leu9JvpC9bsURUdpExcBXQ=="
      },
      "Microsoft.Identity.Client": {
        "type": "Transitive",
        "resolved": "4.76.0",
        "contentHash": "j2FtmljuCveDJ7umBVYm6Bx3iVGA71U07Dc7byGr2Hrj7XlByZSknruCBUeYN3V75nn1VEhXegxE0MerxvxrXQ==",
        "dependencies": {
          "Microsoft.IdentityModel.Abstractions": "6.35.0"
        }
      },
      "Microsoft.Identity.Client.Extensions.Msal": {
        "type": "Transitive",
        "resolved": "4.76.0",
        "contentHash": "D0n3yMTa3gnDh1usrJmyxGWKYeqbQNCWLgQ0Tswf7S6nk9YobiCOX+M2V8EX5SPqkZxpwkTT6odAhaafu3TIeA==",
        "dependencies": {
          "Microsoft.Identity.Client": "4.76.0",
          "System.Security.Cryptography.ProtectedData": "4.5.0"
        }
      },
      "Microsoft.IdentityModel.Abstractions": {
        "type": "Transitive",
        "resolved": "8.17.0",
        "contentHash": "6NrxQGcZg6IunkN8K2F0UVMavNpfCjbjjjON7PYcL8FwI8aULKUreiHsRX/yaA8j3XsTJnQKUYpoQk5gBjULZw=="
      },
      "Microsoft.IdentityModel.JsonWebTokens": {
        "type": "Transitive",
        "resolved": "8.17.0",
        "contentHash": "JbFZ3OVwtvqcqgBL0cIkhRYbIP7u9GIUYLOgbNqLWtBtZY8tGDpdGyXMzUVX0gVHq1ovuHsKZrkVv+ziHEnBHw==",
        "dependencies": {
          "Microsoft.IdentityModel.Tokens": "8.17.0"
        }
      },
      "Microsoft.IdentityModel.Logging": {
        "type": "Transitive",
        "resolved": "8.17.0",
        "contentHash": "w1vjfri0BWqW7RkSZY3ZsqekNfIJJg5BQSFs2j+a+pCXOVrkezmJcn74pT3djwjXJh71577C6wJQgNc2UPz30w==",
        "dependencies": {
          "Microsoft.IdentityModel.Abstractions": "8.17.0"
        }
      },
      "Microsoft.IdentityModel.Protocols": {
        "type": "Transitive",
        "resolved": "8.17.0",
        "contentHash": "TYbO2KMvWvu8bxbEDCgzggNckCGjwr6NxFf2VYW7PpmCRbsoMNNgVYlCiRvy748t6gj5MJ8v/jcqWrcLMg6PaQ==",
        "dependencies": {
          "Microsoft.IdentityModel.Tokens": "8.17.0"
        }
      },
      "Microsoft.IdentityModel.Protocols.OpenIdConnect": {
        "type": "Transitive",
        "resolved": "8.17.0",
        "contentHash": "8DuZM96o2epBioyp56Q+H8bdGwO8FnU4nQMa0c6pboe9+monH9PZGY+CHKmsdw90ObJ5OXtiKG1TWuLbJp2VvQ==",
        "dependencies": {
          "Microsoft.IdentityModel.Protocols": "8.17.0",
          "System.IdentityModel.Tokens.Jwt": "8.17.0"
        }
      },
      "Microsoft.IdentityModel.Tokens": {
        "type": "Transitive",
        "resolved": "8.17.0",
        "contentHash": "teaW35URIV2x78Tzk+dVJiC4M62/9mQoSEoDjDGoEZmcQa3H2rE+XQpm9Tmdo9KK1Lcrnve4zoyLavl69kCFGg==",
        "dependencies": {
          "Microsoft.Extensions.Logging.Abstractions": "8.0.0",
          "Microsoft.IdentityModel.Logging": "8.17.0"
        }
      },
      "Microsoft.IdentityModel.Validators": {
        "type": "Transitive",
        "resolved": "8.17.0",
        "contentHash": "Q5nFG+xl7PXh1Blb2q8a1/PPZH+/7xee0nNwN/15tcuzPQKSHnzqvfg5dEdWm5Ax2GN9e6oX4K5wo22/VB+b/w==",
        "dependencies": {
          "Microsoft.IdentityModel.Protocols": "8.17.0",
          "Microsoft.IdentityModel.Protocols.OpenIdConnect": "8.17.0",
          "Microsoft.IdentityModel.Tokens": "8.17.0",
          "System.IdentityModel.Tokens.Jwt": "8.17.0"
        }
      },
      "Microsoft.IO.RecyclableMemoryStream": {
        "type": "Transitive",
        "resolved": "3.0.1",
        "contentHash": "s/s20YTVY9r9TPfTrN5g8zPF1YhwxyqO6PxUkrYTGI2B+OGPe9AdajWZrLhFqXIvqIW23fnUE4+ztrUWNU1+9g=="
      },
      "Microsoft.SqlServer.Server": {
        "type": "Transitive",
        "resolved": "1.0.0",
        "contentHash": "N4KeF3cpcm1PUHym1RmakkzfkEv3GRMyofVv40uXsQhCQeglr2OHNcUk2WOG51AKpGO8ynGpo9M/kFXSzghwug=="
      },
      "OpenTelemetry": {
        "type": "Transitive",
        "resolved": "1.19.1",
        "contentHash": "6ywhc3upf+dq8EsOohj7I7zS3l4yX9vfbtFkvyEC8xIUY4Z9iDIOVuke356eCAzIZaWtmwmmyl2UXYCp5n7I3Q==",
        "dependencies": {
          "Microsoft.Extensions.Configuration.EnvironmentVariables": "10.0.0",
          "Microsoft.Extensions.Diagnostics.Abstractions": "10.0.0",
          "Microsoft.Extensions.Logging.Configuration": "10.0.0",
          "OpenTelemetry.Api.ProviderBuilderExtensions": "1.19.1"
        }
      },
      "OpenTelemetry.Api": {
        "type": "Transitive",
        "resolved": "1.19.1",
        "contentHash": "9JKIH+xrV0HNTFjQC8zrx9gZpDOMEljN5Htg/U0VE2IvO3N+7bKALCCsGy5tp09marX5dd8UkrgQFoLaulIBRw=="
      },
      "OpenTelemetry.Api.ProviderBuilderExtensions": {
        "type": "Transitive",
        "resolved": "1.19.1",
        "contentHash": "HtGe72B/IhzKqdU0a3fNE5osax/Cegwxd+p4u6lOFy20nsgmeaFuP2NRyFs1WvrOv/bpkII3IvvBkKoZXG8BLg==",
        "dependencies": {
          "Microsoft.Extensions.DependencyInjection.Abstractions": "10.0.0",
          "OpenTelemetry.Api": "1.19.1"
        }
      },
      "Parquet.Net": {
        "type": "Transitive",
        "resolved": "6.1.0",
        "contentHash": "tnDAKvPH1d+rBPzE8y0/yz4lRqrOrdk06mhDRXM9WigS2VnSneb8EaIGPxv+kLsp13NX5Pzpg7NcfFw4EpPPDQ==",
        "dependencies": {
          "CommunityToolkit.HighPerformance": "8.4.2",
          "K4os.Compression.LZ4": "1.3.8",
          "Microsoft.IO.RecyclableMemoryStream": "3.0.1",
          "Snappier": "1.3.1",
          "ZstdSharp.Port": "0.8.8"
        }
      },
      "RESPite": {
        "type": "Transitive",
        "resolved": "3.3.1",
        "contentHash": "1Ky6rOjP9YjA8eXWWSJDTSRgVQiRXwsKnET+X5hDuONJqq8KbYLQrTUjMg8gsdyKzwj74ivEioTuQd4mVhthdQ=="
      },
      "Snappier": {
        "type": "Transitive",
        "resolved": "1.3.1",
        "contentHash": "DOdDQiO8YZ5rBtVLY+6CmR1yp9WYoJRgEEktPBrR0tEj9QO2djA/zv0O3DX0OZpEAfosbY8pytQ9tQUogwQsEA=="
      },
      "SQLitePCLRaw.bundle_e_sqlite3": {
        "type": "Transitive",
        "resolved": "2.1.12",
        "contentHash": "mAgscpQMLw5/nfA1Q5oJVAT29yROUo1ifZGbbTpx/lwZpSxMUGoYbKfmvdm8oXER+RzxqBmmQzeBEVKfeHv2nw==",
        "dependencies": {
          "SQLitePCLRaw.lib.e_sqlite3": "2.1.12",
          "SQLitePCLRaw.provider.e_sqlite3": "2.1.12"
        }
      },
      "SQLitePCLRaw.core": {
        "type": "Transitive",
        "resolved": "2.1.12",
        "contentHash": "ETpNw9DY3ckWLgRRAeCHj+GKOuPi61aeczkXhgHexUvqoZBAYg8RYESE2J7O1M7+o6QbdSEZwrw9bfqztUVWXg=="
      },
      "SQLitePCLRaw.lib.e_sqlite3": {
        "type": "Transitive",
        "resolved": "2.1.12",
        "contentHash": "fWi8Dbknuhgg72fWinIdjXVaqO1hHL4YBBwVLnr7e1c9TAZwJ0QE38j9syW1hwx6HaqEVTwI+O07WPdZn8Rp0w=="
      },
      "SQLitePCLRaw.provider.e_sqlite3": {
        "type": "Transitive",
        "resolved": "2.1.12",
        "contentHash": "W3oH4XIfCzFrgUSDKHhN6N+dgzA5YHOR2VxX8GB6Qy7CyrJJgxPEG8NirgYWlPQC5P2jz2knSsexWu4tDUL33g==",
        "dependencies": {
          "SQLitePCLRaw.core": "2.1.12"
        }
      },
      "System.ClientModel": {
        "type": "Transitive",
        "resolved": "1.8.0",
        "contentHash": "AqRzhn0v29GGGLj/Z6gKq4lGNtvPHT4nHdG5PDJh9IfVjv/nYUVmX11hwwws1vDFeIAzrvmn0dPu8IjLtu6fAw==",
        "dependencies": {
          "Microsoft.Extensions.Logging.Abstractions": "8.0.3",
          "System.Memory.Data": "8.0.1"
        }
      },
      "System.ComponentModel.Annotations": {
        "type": "Transitive",
        "resolved": "5.0.0",
        "contentHash": "dMkqfy2el8A8/I76n2Hi1oBFEbG1SfxD2l5nhwXV3XjlnOmwxJlQbYpJH4W51odnU9sARCSAgv7S3CyAFMkpYg=="
      },
      "System.Configuration.ConfigurationManager": {
        "type": "Transitive",
        "resolved": "9.0.18",
        "contentHash": "/1q0MHB2xKyTFRC5tk+oL3Ahi+QK0UPI6Qk6Xc5z5BW6otR2T9wwWmEW/LZX98cq7UOmu+7sZ5HNwuq61zrNtg==",
        "dependencies": {
          "System.Diagnostics.EventLog": "9.0.18",
          "System.Security.Cryptography.ProtectedData": "9.0.18"
        }
      },
      "System.Diagnostics.EventLog": {
        "type": "Transitive",
        "resolved": "9.0.18",
        "contentHash": "4f3CBS22A2Y+M+shvdYzeWaEPYycZ3IaouaH+NxGLW6xoFahR1+L+YM8bt8NI3TQRZbqPBp/myt+6+JXc+IhRg=="
      },
      "System.IdentityModel.Tokens.Jwt": {
        "type": "Transitive",
        "resolved": "8.17.0",
        "contentHash": "nKikRYheDeSaXA3wGr2otwaiRFygBa25m+hc7MEomZVIEWZvKVqd8wgP9yn+8QpLRGgw//dUs4LErGx9gtVmAA==",
        "dependencies": {
          "Microsoft.IdentityModel.JsonWebTokens": "8.17.0",
          "Microsoft.IdentityModel.Tokens": "8.17.0"
        }
      },
      "System.IO.Hashing": {
        "type": "Transitive",
        "resolved": "10.0.12",
        "contentHash": "jDix4bBMYnpZdSPcnY+KDV6ik3SRMzpMKby/bZl/XUwIiflwRNAFZ0oOl61R/pSaveIJ8t1gs2BUlrGsPs/bcg=="
      },
      "System.Memory.Data": {
        "type": "Transitive",
        "resolved": "8.0.1",
        "contentHash": "BVYuec3jV23EMRDeR7Dr1/qhx7369dZzJ9IWy2xylvb4YfXsrUxspWc4UWYid/tj4zZK58uGZqn2WQiaDMhmAg=="
      },
      "System.Security.Cryptography.Pkcs": {
        "type": "Transitive",
        "resolved": "9.0.18",
        "contentHash": "NKMKhUdLGNZryY9GXXTF5dXyP6S37EYXhiA2JYvwshJbd4DRq07IOS9it8Opi9atadvv5rlNkD76Mio+5Oo2aQ=="
      },
      "System.Security.Cryptography.ProtectedData": {
        "type": "Transitive",
        "resolved": "9.0.18",
        "contentHash": "1/iz9Eex1TBMYdAk+m3igaMvL+nk+rY1EqL6u93an/j1ghxmB24vGOKXkVFy3NSPA39s1H/+SNoK257tHoXoLA=="
      },
      "System.Threading.RateLimiting": {
        "type": "Transitive",
        "resolved": "9.0.18",
        "contentHash": "pxuHw/tQXaHMRXEaKzzgpoGO8VeTPIzHbnp0KclXp6js5wPHn7VaqSCa8yRTAsZDcZ2XuIEnXGM2MbRDJFLBog=="
      },
      "YamlDotNet": {
        "type": "Transitive",
        "resolved": "18.1.0",
        "contentHash": "5K+9KFg2TdTl7VXv88Qzi/0lqK6JFoNP3lRuImPYGRV7K/QYklDyTrj4+A+KAki1JsQi6qKY+hDyY7d6WRqjrw=="
      },
      "ZstdSharp.Port": {
        "type": "Transitive",
        "resolved": "0.8.8",
        "contentHash": "UIDFkA5DC3en3tOJ3Mof11yBx9kUQLsaeo/oFdvN6Bbkr9E9+VCqfIadHci8cu+I51K2Sl7XYWVl2R/mA75NBQ=="
      },
      "autheris.application": {
        "type": "Project",
        "dependencies": {
          "Apache.Arrow": "[23.0.0, )",
          "Autheris.Domain": "[1.0.0, )",
          "Casbin.NET": "[2.21.3, )",
          "DuckDB.NET.Data.Full": "[1.5.6, )",
          "FastSqlEngine": "[1.0.0, )",
          "FluentValidation": "[12.1.1, )",
          "HotChocolate.Language": "[16.6.7, )",
          "MemoryPack": "[1.21.4, )",
          "Microsoft.Extensions.Configuration.Abstractions": "[10.0.12, )",
          "Microsoft.Extensions.DependencyInjection.Abstractions": "[10.0.12, )",
          "Microsoft.Extensions.Hosting.Abstractions": "[10.0.12, )",
          "Microsoft.Extensions.Http": "[10.0.12, )",
          "Microsoft.Extensions.Logging.Abstractions": "[10.0.12, )",
          "Microsoft.Extensions.Options": "[10.0.12, )",
          "Parquet.Net": "[6.1.0, )",
          "System.IO.Hashing": "[10.0.12, )",
          "YamlDotNet": "[18.1.0, )"
        }
      },
      "autheris.domain": {
        "type": "Project",
        "dependencies": {
          "MemoryPack": "[1.21.4, )",
          "System.ComponentModel.Annotations": "[5.0.0, )"
        }
      },
      "FastSqlEngine": {
        "type": "Project",
        "dependencies": {
          "Antlr4.Runtime.Standard": "[4.13.1, )",
          "Microsoft.Extensions.ObjectPool": "[10.0.12, )"
        }
      }
    }
  }
}