{
  "version": 1,
  "dependencies": {
    "net10.0": {
      "HotChocolate.AspNetCore": {
        "type": "Direct",
        "requested": "[16.6.7, )",
        "resolved": "16.6.7",
        "contentHash": "6rw4E5sXTdjlLKJHEGDZeokIbbS8I4LQtqK05dI+9zAm3f7CjA/dGNSNH8kAN2i7LzZ4V9MtXXHKPKSW2gk0Zw==",
        "dependencies": {
          "ChilliCream.Nitro.App": "32.0.2",
          "HotChocolate": "16.6.7",
          "HotChocolate.AspNetCore.Pipeline": "16.6.7",
          "HotChocolate.Subscriptions.InMemory": "16.6.7",
          "HotChocolate.Transport.Formatters": "16.6.7",
          "HotChocolate.Transport.Sockets": "16.6.7",
          "HotChocolate.Types.Scalars.Upload": "16.6.7",
          "HotChocolate.Utilities.DependencyInjection": "16.6.7"
        }
      },
      "HotChocolate.Data": {
        "type": "Direct",
        "requested": "[16.6.7, )",
        "resolved": "16.6.7",
        "contentHash": "cO0a+u+TTnPWQ0Or56VorjYpCb0VjImEv6DfCcMXPjfokKqY/54phozsRPsOG+BJfU2/+XqByAMsKVd82FHaSQ==",
        "dependencies": {
          "GreenDonut.Data": "16.6.7",
          "GreenDonut.Data.Abstractions": "16.6.7",
          "GreenDonut.Data.Primitives": "16.6.7",
          "HotChocolate.Execution.Operation.Abstractions": "16.6.7",
          "HotChocolate.Execution.Projections": "16.6.7",
          "HotChocolate.Types": "16.6.7",
          "HotChocolate.Types.CursorPagination.Extensions": "16.6.7"
        }
      },
      "Antlr4.Runtime.Standard": {
        "type": "Transitive",
        "resolved": "4.13.1",
        "contentHash": "Da5+i4kFHUseJRZGcBG5fmZGpA/Ns180ibrQMxgZzjpQOnENVvSL5gi5HZ8Ncz8/AR2WsKbOg2lMBzjz0HUQcA=="
      },
      "Apache.Arrow": {
        "type": "Transitive",
        "resolved": "23.0.0",
        "contentHash": "cU4Zm7byFwnb82Ea9ZRvVnq2nJNf/TF9j+rj/MHlvu9RBYMqYtu4sJaR1JmMh3MmSIuwMafVg7PfJxPAMv9dGw==",
        "dependencies": {
          "Apache.Arrow.Scalars": "23.0.0"
        }
      },
      "Apache.Arrow.Scalars": {
        "type": "Transitive",
        "resolved": "23.0.0",
        "contentHash": "i53VmQ505ASXsStf7y29Z5qvhN6PGgFGNb6UUU7z1WmbzEgSjKQuIJkKKVbh+K5rtXRiKyr1Ah3Rmvbeb2BEHQ=="
      },
      "Casbin.NET": {
        "type": "Transitive",
        "resolved": "2.21.3",
        "contentHash": "K17VAOGfYm6JOGw/QDnahOblsj2gP8En6RQ35v/5BrBMvPBl/cXzIiSXXzYWG6Ju7OkM+CVjBu3wisQ7j/tctg==",
        "dependencies": {
          "CsvHelper": "32.0.3",
          "DotNet.Glob": "3.1.3",
          "DynamicExpresso.Core": "2.16.1"
        }
      },
      "ChilliCream.Nitro.App": {
        "type": "Transitive",
        "resolved": "32.0.2",
        "contentHash": "wSD2dFFraVpIsQDiy31k1vkGWYAGdzNVXOhtOIujMt/ADAzfkEbJUsPyF4qoktFspepN4VrAN7DMS8QRqkEhTg==",
        "dependencies": {
          "Yarp.ReverseProxy": "2.3.0"
        }
      },
      "CommunityToolkit.HighPerformance": {
        "type": "Transitive",
        "resolved": "8.4.2",
        "contentHash": "2hmtrrU18x6NL3mbuAqwy0KpnoEEJOuK6sH5RKQfD/jHijn2pqvqBUC7WGy9dgNBL9BDA7eOC0kirsNPMp2f4Q=="
      },
      "CsvHelper": {
        "type": "Transitive",
        "resolved": "32.0.3",
        "contentHash": "JNDkd4Wc2Tim5IuyL8Ai13RhzRvaHItseEvlJ2YRkx2SMBFrIsW8a5+/o4/O1jsb6mlviihR6Hfyn+nqY6CurA=="
      },
      "DotNet.Glob": {
        "type": "Transitive",
        "resolved": "3.1.3",
        "contentHash": "hOfHw7MLJw/tbXaFwR1oiDb+dIXDp8URTxp5Pco42OOhiw77wrUNx6v6syNygHZbWwYdXQocL2Mo1l5FnfDVjg=="
      },
      "DuckDB.NET.Bindings.Full": {
        "type": "Transitive",
        "resolved": "1.5.6",
        "contentHash": "phg/EJHrcG+bqgD/EnDryWlcFtL6L09Wn9o1UVoERTp7OnAmU5AyCSKreZUkFHacNRlxlAfAIJ2IGqJ2R6O18Q=="
      },
      "DuckDB.NET.Data.Full": {
        "type": "Transitive",
        "resolved": "1.5.6",
        "contentHash": "9FPuQZKtKGT9lr6GfOHGNJWXsQKjRBnWdPus6/1e/f5R106DszaxLuRLCDDwlgy6XdC0Lgm4H9zqV6LkZ7gTQw==",
        "dependencies": {
          "Apache.Arrow": "23.0.0",
          "DuckDB.NET.Bindings.Full": "1.5.6"
        }
      },
      "DynamicExpresso.Core": {
        "type": "Transitive",
        "resolved": "2.16.1",
        "contentHash": "RQxI6Ov/cfOcbTEQ8tLBJH5J7/W2uWvZjDCMTLAUZa91Z39Vj31wapSy6dyuEsw1FCZVqTipqoWw+t5qMi2ljA=="
      },
      "FluentValidation": {
        "type": "Transitive",
        "resolved": "12.1.1",
        "contentHash": "EPpkIe1yh1a0OXyC100oOA8WMbZvqUu5plwhvYcb7oSELfyUZzfxV48BLhvs3kKo4NwG7MGLNgy1RJiYtT8Dpw=="
      },
      "GreenDonut": {
        "type": "Transitive",
        "resolved": "16.6.7",
        "contentHash": "xP9lRLommsEyWaJ523qBoinrSZmui+WLqOUDjsxYYUxhk7VqEhvayfT9PleV87KFHiIDSNt4Ix4XMD5uifS/0g==",
        "dependencies": {
          "GreenDonut.Abstractions": "16.6.7"
        }
      },
      "GreenDonut.Abstractions": {
        "type": "Transitive",
        "resolved": "16.6.7",
        "contentHash": "fIdTgotiI6KBvpy/YTdUlxbtUWfOYtPLYuQPXNzTKGjc/YTghPDVQDIg8mjQImzVXELFFsr8bp3SB4gx1nZ2Kg=="
      },
      "GreenDonut.Data": {
        "type": "Transitive",
        "resolved": "16.6.7",
        "contentHash": "a391QulgeHkKrZgH355euoVPpA3mo4GTXv1KhMbjKLRaHw41tXunrVlk+NtQQ3zIJvFKYYzyvCKxw2mMXns1Sg==",
        "dependencies": {
          "GreenDonut": "16.6.7",
          "GreenDonut.Data.Abstractions": "16.6.7"
        }
      },
      "GreenDonut.Data.Abstractions": {
        "type": "Transitive",
        "resolved": "16.6.7",
        "contentHash": "ng3r5PIZhqsbiPbFdL9PX3HkLoYmOE8E31Dv0trNmThNqmwgLKn3mzOV0uYwNakODREamSOJQZpa86Wjqz4Mng==",
        "dependencies": {
          "GreenDonut.Abstractions": "16.6.7",
          "GreenDonut.Data.Primitives": "16.6.7"
        }
      },
      "GreenDonut.Data.Primitives": {
        "type": "Transitive",
        "resolved": "16.6.7",
        "contentHash": "1t9MUPQSCjW7rNQU37Ou7fbMQTAVERZls002txbM12wiq4y36kSTCP/s6DejVd3MTQNKUHNXXdCVHVEk1iWYRA=="
      },
      "HotChocolate": {
        "type": "Transitive",
        "resolved": "16.6.7",
        "contentHash": "zSO0HtJaDBrBEPwCicLjroXN8f1fuEOjdIC6plXgy/KiK6i1pgMaXtq2oRw9+fyoprtNmd4Vq/HOPoIRhDFutA==",
        "dependencies": {
          "HotChocolate.Authorization": "16.6.7",
          "HotChocolate.CostAnalysis": "16.6.7",
          "HotChocolate.Execution.Projections": "16.6.7",
          "HotChocolate.Types": "16.6.7",
          "HotChocolate.Types.CursorPagination": "16.6.7",
          "HotChocolate.Types.CursorPagination.Extensions": "16.6.7",
          "HotChocolate.Types.Mutations": "16.6.7",
          "HotChocolate.Types.Queries": "16.6.7",
          "HotChocolate.Validation": "16.6.7"
        }
      },
      "HotChocolate.Abstractions": {
        "type": "Transitive",
        "resolved": "16.6.7",
        "contentHash": "EUUXy9WvmnMYtodStzIRoR+e4GX/5UrJ0KJWyD+zhO0LBbmI+F4gH1o+l7OgQl/H3dW8lEOmB23hWqOV9kCllw==",
        "dependencies": {
          "HotChocolate.Execution.Abstractions": "16.6.7",
          "HotChocolate.Language": "16.6.7",
          "HotChocolate.Primitives": "16.6.7"
        }
      },
      "HotChocolate.AspNetCore.Pipeline": {
        "type": "Transitive",
        "resolved": "16.6.7",
        "contentHash": "s99OH9pzsouByKpLQ+JfdyGaWD+27GCHxL18Xwq/04n1IuKbFMPlgE6atbAA13mhVpzC1e4pAQf8MO7LDH682Q==",
        "dependencies": {
          "ChilliCream.Nitro.App": "32.0.2",
          "HotChocolate.Caching.Memory": "16.6.7",
          "HotChocolate.PersistedOperations.Abstractions": "16.6.7",
          "HotChocolate.Transport.Formatters": "16.6.7",
          "HotChocolate.Transport.Sockets": "16.6.7"
        }
      },
      "HotChocolate.Authorization": {
        "type": "Transitive",
        "resolved": "16.6.7",
        "contentHash": "uevD1I5NQhiRYGGERCRc+fTF4FGgbCuZphm+TySHCJH/G7ZwRdfXpY3PrK9aYvIBd4WPh2CDOjGuneaAdXrIzw==",
        "dependencies": {
          "HotChocolate.Types": "16.6.7"
        }
      },
      "HotChocolate.Caching.Memory": {
        "type": "Transitive",
        "resolved": "16.6.7",
        "contentHash": "DUY2lgY+rkbEnNhxpAAsIVJTjH7Ym49bOB5sTw5l3QPk+Id2NEq8n3hY2JFujL2yQPHkZSO6uXDcdGNv1UqvSA=="
      },
      "HotChocolate.CostAnalysis": {
        "type": "Transitive",
        "resolved": "16.6.7",
        "contentHash": "9yAXz1VYIIoGMXxrbvssB+3NFG565w3MchwAXZtQzxxQerFBeeEipdCyTbR+maLuKyv6yi/OPsthMB5AOoOHCQ==",
        "dependencies": {
          "HotChocolate.Types": "16.6.7"
        }
      },
      "HotChocolate.Execution.Abstractions": {
        "type": "Transitive",
        "resolved": "16.6.7",
        "contentHash": "cOr3sUvTgTb9enZhChj5geJMp+7nbJNXOIGWmdcMkJ7TKx+Rv5tF4CcziGcsm/S3th9Tn0s2zqTP140VyixEvg==",
        "dependencies": {
          "HotChocolate.Features": "16.6.7",
          "HotChocolate.Language.SyntaxTree": "16.6.7",
          "HotChocolate.Language.Web": "16.6.7",
          "HotChocolate.Primitives": "16.6.7",
          "HotChocolate.Text.Json": "16.6.7",
          "HotChocolate.Types.Abstractions": "16.6.7",
          "HotChocolate.Utilities.Buffers": "16.6.7",
          "HotChocolate.Utilities.Tasks": "16.6.7"
        }
      },
      "HotChocolate.Execution.Configuration.Abstractions": {
        "type": "Transitive",
        "resolved": "16.6.7",
        "contentHash": "Pu04F+DWE6Vg/DWKjy2IC0SG5WoSht4ZbU5t0Z31c/WskkhB9Jr8htrJtHBjVCR33k0Yb5T6dywgmK/xbhRUmg==",
        "dependencies": {
          "HotChocolate.Abstractions": "16.6.7"
        }
      },
      "HotChocolate.Execution.Operation.Abstractions": {
        "type": "Transitive",
        "resolved": "16.6.7",
        "contentHash": "/fni8AEQfqLpsYHnu0E6sEvFqAJ7YSr8c6+oBChF569BgTpof508FD7kIYKqubfZ2QJ87Zq3wB9M60GeS6SH4w==",
        "dependencies": {
          "HotChocolate.Features": "16.6.7",
          "HotChocolate.Types.Abstractions": "16.6.7"
        }
      },
      "HotChocolate.Execution.Pipeline": {
        "type": "Transitive",
        "resolved": "16.6.7",
        "contentHash": "SBE0gEbX39Aqo+ky25zJQ1j4CpOYxHMpne635gOxQNIEuA8jMPOjJxIoUdFeFhiW8HOaO752aZlHwYxrq8jSlQ==",
        "dependencies": {
          "HotChocolate.Execution.Abstractions": "16.6.7",
          "HotChocolate.Validation": "16.6.7"
        }
      },
      "HotChocolate.Execution.Projections": {
        "type": "Transitive",
        "resolved": "16.6.7",
        "contentHash": "3R33p5OzTozRWdHzN5Z/VSZMdgiwx1DSdLshyCReVEi88Ns09XDj3b7Q8UbR1q4V346j7FSQnLrNVdhO67HG4Q==",
        "dependencies": {
          "GreenDonut.Data": "16.6.7",
          "GreenDonut.Data.Abstractions": "16.6.7",
          "GreenDonut.Data.Primitives": "16.6.7",
          "HotChocolate.Caching.Memory": "16.6.7",
          "HotChocolate.Execution.Configuration.Abstractions": "16.6.7",
          "HotChocolate.Types": "16.6.7"
        }
      },
      "HotChocolate.Features": {
        "type": "Transitive",
        "resolved": "16.6.7",
        "contentHash": "wcR8Vu3ZjxV6bn/QGwdKo/D3jxhU7b15JSnuQbBjheg580GJmWCRxR2eZ260YUMZNeS14mofSR/CgQheiTBT3Q=="
      },
      "HotChocolate.Fusion.Language": {
        "type": "Transitive",
        "resolved": "16.6.7",
        "contentHash": "zmdu2gWXcpl3CpNAKcDcLb0cIvkDuXbfMjSIah17Q6IKKVrIqm5g7LKZ8iX8bMlmitplWvKFul+ZCl7IdA945Q=="
      },
      "HotChocolate.Fusion.Utilities": {
        "type": "Transitive",
        "resolved": "16.6.7",
        "contentHash": "FDhCbYLFx9D3EpqGVaGhxw/G5ZLOUxQhjvwAWjwEkY+eM/dto7DY8PdDh6z5vPC9hAKr4WwFvhVX/s2xScQTpg==",
        "dependencies": {
          "HotChocolate.Execution.Abstractions": "16.6.7",
          "HotChocolate.Fusion.Language": "16.6.7",
          "HotChocolate.Language": "16.6.7",
          "HotChocolate.Types.Abstractions": "16.6.7"
        }
      },
      "HotChocolate.Language": {
        "type": "Transitive",
        "resolved": "16.6.7",
        "contentHash": "ZgAY9EYf2s0XM7Dh9vkPiQVsWq7JEMwljE3wtR2UG5HghzmQSYzPO0JY9ZiDP5S6dgzRGSntMrh5oCTwhHfgcA==",
        "dependencies": {
          "HotChocolate.Language.SyntaxTree": "16.6.7",
          "HotChocolate.Language.Utf8": "16.6.7",
          "HotChocolate.Language.Visitors": "16.6.7",
          "HotChocolate.Language.Web": "16.6.7"
        }
      },
      "HotChocolate.Language.SyntaxTree": {
        "type": "Transitive",
        "resolved": "16.6.7",
        "contentHash": "HL54ut0kVSFlE6cxpfI2d7D9dbSwhr+g6WlLso3DbbMRdfDpo1e7252v9XzNMxhlKuQ3kLaftW5cGg0zXGDgWQ==",
        "dependencies": {
          "HotChocolate.Utilities.Buffers": "16.6.7"
        }
      },
      "HotChocolate.Language.Utf8": {
        "type": "Transitive",
        "resolved": "16.6.7",
        "contentHash": "VXksgef+I25mP22/d1v06Nj4wUezI7c3bh6iQnP5UKt1LxSdg2zhXWEVBO0zg+REWD7IZ9M4JMoX2vtmAkctUg==",
        "dependencies": {
          "HotChocolate.Language.SyntaxTree": "16.6.7",
          "HotChocolate.Language.Utf8.SyntaxTree": "16.6.7",
          "HotChocolate.Utilities.Buffers": "16.6.7"
        }
      },
      "HotChocolate.Language.Utf8.SyntaxTree": {
        "type": "Transitive",
        "resolved": "16.6.7",
        "contentHash": "g5jTB13vZjBkznvlr/u8NC/9TPoD6Myuj/RxxlCcjlr91SRSps7EqaK2gW6WA3UaA4tcsqnN+ztzdgCnyau3hw==",
        "dependencies": {
          "HotChocolate.Language.SyntaxTree": "16.6.7",
          "HotChocolate.Utilities.Buffers": "16.6.7"
        }
      },
      "HotChocolate.Language.Visitors": {
        "type": "Transitive",
        "resolved": "16.6.7",
        "contentHash": "nB3GGG87uSY2gBZrR4qRSe07oFxx1uYJjmuPJspu/Ys11qXJG2uN14A3Ij7i78UNVKZMhoGEVT02784FmQhJTA==",
        "dependencies": {
          "HotChocolate.Language.SyntaxTree": "16.6.7"
        }
      },
      "HotChocolate.Language.Web": {
        "type": "Transitive",
        "resolved": "16.6.7",
        "contentHash": "b1gH4lprf5B0+zETyN8E4cHYELjFSqnRAG+/fa8msD/SGCquIUIaz0qj6OScTZtM4mfCGw6H1EteQmtv4luoVA==",
        "dependencies": {
          "HotChocolate.Language.Utf8": "16.6.7",
          "HotChocolate.Language.Visitors": "16.6.7"
        }
      },
      "HotChocolate.PersistedOperations.Abstractions": {
        "type": "Transitive",
        "resolved": "16.6.7",
        "contentHash": "xrGy3YV6OAkWTZCT62xbGwGn0GnxJe1q4BeWsYGKk4mdR7iV5y4D3I53/pZp+W+QAGWT2cIXzc3jyo47joBFzQ==",
        "dependencies": {
          "HotChocolate.Execution.Abstractions": "16.6.7"
        }
      },
      "HotChocolate.PersistedOperations.Pipeline": {
        "type": "Transitive",
        "resolved": "16.6.7",
        "contentHash": "EqaIQrMQYOXYnaU6otXpfBgofm3J1l0d2Vo5ycXSuzDG9BDVDbFB0N2ce2N7ebUhTDJ+hfry3dcZyciWX3VsTA==",
        "dependencies": {
          "HotChocolate.PersistedOperations.Abstractions": "16.6.7"
        }
      },
      "HotChocolate.Primitives": {
        "type": "Transitive",
        "resolved": "16.6.7",
        "contentHash": "P+Mu1/tDH28LPw7WdnqZYmYn9hOWdr/mZaM3AzMqe79slZKRk/defcFY/GQZKChaixnOnBjZLPtcY/yPPXDKqA==",
        "dependencies": {
          "HotChocolate.Language": "16.6.7"
        }
      },
      "HotChocolate.Subscriptions": {
        "type": "Transitive",
        "resolved": "16.6.7",
        "contentHash": "maEGDZqswOY8dojLIvq3qppPLr9qr6Qc4vTOnfnFGYN2aFhIyQi6fDCR0bJDWLcTxfwSOUiG/9Nb/4hBopxCEQ==",
        "dependencies": {
          "HotChocolate.Abstractions": "16.6.7",
          "HotChocolate.Execution.Configuration.Abstractions": "16.6.7",
          "HotChocolate.Utilities": "16.6.7"
        }
      },
      "HotChocolate.Subscriptions.InMemory": {
        "type": "Transitive",
        "resolved": "16.6.7",
        "contentHash": "fHq3qJ4Tnvp5LclTAYWVMFdGPFLJ6bqyzSyilgDdyM7iuAp+ULKrmWegp4eOe2WuHyFJWvzRiaCbpb/YCNXm/Q==",
        "dependencies": {
          "HotChocolate.Execution.Configuration.Abstractions": "16.6.7",
          "HotChocolate.Subscriptions": "16.6.7"
        }
      },
      "HotChocolate.Text.Json": {
        "type": "Transitive",
        "resolved": "16.6.7",
        "contentHash": "fpBv5WWCoByxU1o2rGKL8bbXxzsJo8Miqc+IKDkAy8lB7W7RVH7ZgrW1W0hn/frdBjlFs4VsuvaaraNe8CcczQ=="
      },
      "HotChocolate.Transport.Formatters": {
        "type": "Transitive",
        "resolved": "16.6.7",
        "contentHash": "NIGWhR06JdWoMmK9mkjT4Ry60d7PygyxtvEVzfQtFYPZWV8zLEd0XrW97Wxe1I+W4GCnffl9g+f63aUVun/c4w==",
        "dependencies": {
          "HotChocolate.Execution.Abstractions": "16.6.7",
          "HotChocolate.Utilities.Buffers": "16.6.7",
          "HotChocolate.Utilities.Tasks": "16.6.7"
        }
      },
      "HotChocolate.Transport.Sockets": {
        "type": "Transitive",
        "resolved": "16.6.7",
        "contentHash": "E3GHtEEKoSnNl94hiYv7IdSEreMXSoTrGpLXGHAz04WlxQuIEn9OrKMnpPFL8Xmap10CTVHwxAJX3HjfJEgyTg=="
      },
      "HotChocolate.Types": {
        "type": "Transitive",
        "resolved": "16.6.7",
        "contentHash": "K0j9XdzF82Og/n+UO7Ifcfoow8R7/q5mnhzkWBhunV2CU7CpRBVzdHMiU85tW7Ch81Xv8eKP7Jl6/0xEizbpMg==",
        "dependencies": {
          "GreenDonut": "16.6.7",
          "GreenDonut.Data.Primitives": "16.6.7",
          "HotChocolate.Abstractions": "16.6.7",
          "HotChocolate.Caching.Memory": "16.6.7",
          "HotChocolate.Execution.Abstractions": "16.6.7",
          "HotChocolate.Execution.Configuration.Abstractions": "16.6.7",
          "HotChocolate.Execution.Operation.Abstractions": "16.6.7",
          "HotChocolate.Execution.Pipeline": "16.6.7",
          "HotChocolate.Features": "16.6.7",
          "HotChocolate.Fusion.Language": "16.6.7",
          "HotChocolate.Fusion.Utilities": "16.6.7",
          "HotChocolate.PersistedOperations.Abstractions": "16.6.7",
          "HotChocolate.PersistedOperations.Pipeline": "16.6.7",
          "HotChocolate.Text.Json": "16.6.7",
          "HotChocolate.Transport.Formatters": "16.6.7",
          "HotChocolate.Types.Abstractions": "16.6.7",
          "HotChocolate.Utilities": "16.6.7",
          "HotChocolate.Utilities.Base36": "16.6.7",
          "HotChocolate.Utilities.DependencyInjection": "16.6.7"
        }
      },
      "HotChocolate.Types.Abstractions": {
        "type": "Transitive",
        "resolved": "16.6.7",
        "contentHash": "Hj0cF7f0TpBu2CGt/Xztu7vpWyn+PRz8BK3ZU65CZcKPCRdtUSvy7MIICZaoTzMeVhgEFjLOGAFtAVNGq6p00g==",
        "dependencies": {
          "HotChocolate.Features": "16.6.7",
          "HotChocolate.Primitives": "16.6.7"
        }
      },
      "HotChocolate.Types.CursorPagination": {
        "type": "Transitive",
        "resolved": "16.6.7",
        "contentHash": "1KqmlQl2tjBkfQVO+flw94ICf6wwptJt/2kFyP7sb7AoWt3Vf/DjOK2iPgW1H28fYXdtcfnF15fMamXlTt2hhw==",
        "dependencies": {
          "HotChocolate.Execution.Configuration.Abstractions": "16.6.7",
          "HotChocolate.Types": "16.6.7"
        }
      },
      "HotChocolate.Types.CursorPagination.Extensions": {
        "type": "Transitive",
        "resolved": "16.6.7",
        "contentHash": "kh2S7LqshfbCyQ5dZ1KfmOAOdTPYAyWXF7bchYLBA3jMYymoW2XNv5TVOGtA+KWk/O/llpaIQhTOKWdPlvEIRg==",
        "dependencies": {
          "GreenDonut.Data": "16.6.7",
          "HotChocolate.Types.CursorPagination": "16.6.7"
        }
      },
      "HotChocolate.Types.Errors": {
        "type": "Transitive",
        "resolved": "16.6.7",
        "contentHash": "fYh38zX1up+iFYzM0AgONdWvMB7cbG51sSZAGsI6dwJcc1hJNcdc96mS1NRwu1u+zsQlX8I3kwdIBm/+ij29hQ==",
        "dependencies": {
          "HotChocolate.Types": "16.6.7"
        }
      },
      "HotChocolate.Types.Mutations": {
        "type": "Transitive",
        "resolved": "16.6.7",
        "contentHash": "GnPAQ+x28DFQTHMnsVrEsZZUPuOnZSXjRSPzqzyv7kLjVtK6m6X/Qk2u0U9oobbNeTfdEVWC99CTl5QTb29kLg==",
        "dependencies": {
          "HotChocolate.Types": "16.6.7",
          "HotChocolate.Types.Errors": "16.6.7"
        }
      },
      "HotChocolate.Types.Queries": {
        "type": "Transitive",
        "resolved": "16.6.7",
        "contentHash": "mJlqvKBvJOzY1ooMKnWIq0Q/HY/xFBpnuuCx7xzPwIczHeGkJfVG+S+9fPSjPuYIjhgqv4iTmwzAVHRuDPtZiA==",
        "dependencies": {
          "HotChocolate.Types": "16.6.7",
          "HotChocolate.Types.Errors": "16.6.7"
        }
      },
      "HotChocolate.Types.Scalars.Upload": {
        "type": "Transitive",
        "resolved": "16.6.7",
        "contentHash": "gRLbxxWNFec+RBhppxBndKLN6O73wclfRMYzPP13J+0ROBneBMi2VG0GccbegcUsYiKBjIYRq3TF35hX4VoHjA==",
        "dependencies": {
          "HotChocolate.Types": "16.6.7"
        }
      },
      "HotChocolate.Utilities": {
        "type": "Transitive",
        "resolved": "16.6.7",
        "contentHash": "xVCXWURQRETnq3HIsJ8q3FA+xMamPji3r5c3z7OL158U7RkA/mvuyYYMyPmtZz2uWTMJYHo5ajOXDXt2pv3RpQ==",
        "dependencies": {
          "HotChocolate.Utilities.Buffers": "16.6.7",
          "HotChocolate.Utilities.Tasks": "16.6.7"
        }
      },
      "HotChocolate.Utilities.Base36": {
        "type": "Transitive",
        "resolved": "16.6.7",
        "contentHash": "v8WLkng2uACAJVtOO5bQ4PTLtLw7oAIurQOGx+KjaHZ9DhWufGDEeupBUxTKMbuoIlR1oLFZjbAjB63IMirN9Q=="
      },
      "HotChocolate.Utilities.Buffers": {
        "type": "Transitive",
        "resolved": "16.6.7",
        "contentHash": "sgbbaFCT5tRsghvIQ2CqzJymAXizG91qqdbCwp1lsX+nQm7FnaI56YNSzWpwbKBiQ3191pLcPOsZbcsTPS94tg=="
      },
      "HotChocolate.Utilities.DependencyInjection": {
        "type": "Transitive",
        "resolved": "16.6.7",
        "contentHash": "leeHRWzpeponhRAF7C+/1OnBqYRFFhfjhY9yB9E6jYb+kuOFjeoI8sbBoFYW2jC3V60PelieJsf4QRhMp1/IrQ=="
      },
      "HotChocolate.Utilities.Tasks": {
        "type": "Transitive",
        "resolved": "16.6.7",
        "contentHash": "bJoT1A4bX1+aJ+zmGfaDyhpOckzV6Eq3FiwxqKKf/XHjQqBUq04g2XCFA085ht5CwgBa51Yb1PDYEYcGbAyDJg=="
      },
      "HotChocolate.Validation": {
        "type": "Transitive",
        "resolved": "16.6.7",
        "contentHash": "u3KrHLL5eDb4rMRGJ6MVE0pOlCFdGh3SNBjJCqwUmfihkIK7EtMmXrE9iX4b8l2Ig9Rpx5ZGLasKv89ppMzbMA==",
        "dependencies": {
          "HotChocolate.Execution.Abstractions": "16.6.7",
          "HotChocolate.Types.Abstractions": "16.6.7"
        }
      },
      "K4os.Compression.LZ4": {
        "type": "Transitive",
        "resolved": "1.3.8",
        "contentHash": "LhwlPa7c1zs1OV2XadMtAWdImjLIsqFJPoRcIWAadSRn0Ri1DepK65UbWLPmt4riLqx2d40xjXRk0ogpqNtK7g=="
      },
      "MemoryPack": {
        "type": "Transitive",
        "resolved": "1.21.4",
        "contentHash": "wy3JTBNBsO8LfQcBvvYsWr3lm2Oakolrfu0UQ3oSJSEiD+7ye0GUhYTaXuYYBowqsXBXWD9gf2218ae0JRiYVQ==",
        "dependencies": {
          "MemoryPack.Core": "1.21.4",
          "MemoryPack.Generator": "1.21.4"
        }
      },
      "MemoryPack.Core": {
        "type": "Transitive",
        "resolved": "1.21.4",
        "contentHash": "6RszGorZ0ejNmp37ZcboPBMvvPCuNW2jlrdQfcs/lMzE5b3pmPF6hsm/laDc34hRlbAST1ZxaX/DvYu2DF5sBQ=="
      },
      "MemoryPack.Generator": {
        "type": "Transitive",
        "resolved": "1.21.4",
        "contentHash": "g14EsSS85yn0lHTi0J9ivqlZMf09A2iI51fmI+0KkzIzyCbWOBWPi5mdaY7YWmXprk12aYh9u/qfWHQUYthlwg=="
      },
      "Microsoft.IO.RecyclableMemoryStream": {
        "type": "Transitive",
        "resolved": "3.0.1",
        "contentHash": "s/s20YTVY9r9TPfTrN5g8zPF1YhwxyqO6PxUkrYTGI2B+OGPe9AdajWZrLhFqXIvqIW23fnUE4+ztrUWNU1+9g=="
      },
      "Parquet.Net": {
        "type": "Transitive",
        "resolved": "6.1.0",
        "contentHash": "tnDAKvPH1d+rBPzE8y0/yz4lRqrOrdk06mhDRXM9WigS2VnSneb8EaIGPxv+kLsp13NX5Pzpg7NcfFw4EpPPDQ==",
        "dependencies": {
          "CommunityToolkit.HighPerformance": "8.4.2",
          "K4os.Compression.LZ4": "1.3.8",
          "Microsoft.IO.RecyclableMemoryStream": "3.0.1",
          "Snappier": "1.3.1",
          "ZstdSharp.Port": "0.8.8"
        }
      },
      "prometheus-net": {
        "type": "Transitive",
        "resolved": "8.2.1",
        "contentHash": "3wVgdEPOCBF752s2xps5T+VH+c9mJK8S8GKEDg49084P6JZMumTZI5Te6aJ9MQpX0sx7om6JOnBpIi7ZBmmiDQ=="
      },
      "Snappier": {
        "type": "Transitive",
        "resolved": "1.3.1",
        "contentHash": "DOdDQiO8YZ5rBtVLY+6CmR1yp9WYoJRgEEktPBrR0tEj9QO2djA/zv0O3DX0OZpEAfosbY8pytQ9tQUogwQsEA=="
      },
      "System.ComponentModel.Annotations": {
        "type": "Transitive",
        "resolved": "5.0.0",
        "contentHash": "dMkqfy2el8A8/I76n2Hi1oBFEbG1SfxD2l5nhwXV3XjlnOmwxJlQbYpJH4W51odnU9sARCSAgv7S3CyAFMkpYg=="
      },
      "System.IO.Hashing": {
        "type": "Transitive",
        "resolved": "10.0.12",
        "contentHash": "jDix4bBMYnpZdSPcnY+KDV6ik3SRMzpMKby/bZl/XUwIiflwRNAFZ0oOl61R/pSaveIJ8t1gs2BUlrGsPs/bcg=="
      },
      "YamlDotNet": {
        "type": "Transitive",
        "resolved": "18.1.0",
        "contentHash": "5K+9KFg2TdTl7VXv88Qzi/0lqK6JFoNP3lRuImPYGRV7K/QYklDyTrj4+A+KAki1JsQi6qKY+hDyY7d6WRqjrw=="
      },
      "Yarp.ReverseProxy": {
        "type": "Transitive",
        "resolved": "2.3.0",
        "contentHash": "gxtkN3a+9biu9V9Zd5NaTO6VZWXAnS2mhQ0R/VXmSPoTuiQNZsakKikrKpDtKxrL5nUYzbRsHtl40WNq+ZBKKg==",
        "dependencies": {
          "System.IO.Hashing": "8.0.0"
        }
      },
      "ZstdSharp.Port": {
        "type": "Transitive",
        "resolved": "0.8.8",
        "contentHash": "UIDFkA5DC3en3tOJ3Mof11yBx9kUQLsaeo/oFdvN6Bbkr9E9+VCqfIadHci8cu+I51K2Sl7XYWVl2R/mA75NBQ=="
      },
      "autheris.application": {
        "type": "Project",
        "dependencies": {
          "Apache.Arrow": "[23.0.0, )",
          "Autheris.Domain": "[1.0.0, )",
          "Casbin.NET": "[2.21.3, )",
          "DuckDB.NET.Data.Full": "[1.5.6, )",
          "FastSqlEngine": "[1.0.0, )",
          "FluentValidation": "[12.1.1, )",
          "HotChocolate.Language": "[16.6.7, )",
          "MemoryPack": "[1.21.4, )",
          "Parquet.Net": "[6.1.0, )",
          "System.IO.Hashing": "[10.0.12, )",
          "YamlDotNet": "[18.1.0, )",
          "prometheus-net": "[8.2.1, )"
        }
      },
      "autheris.domain": {
        "type": "Project",
        "dependencies": {
          "MemoryPack": "[1.21.4, )",
          "System.ComponentModel.Annotations": "[5.0.0, )"
        }
      },
      "FastSqlEngine": {
        "type": "Project",
        "dependencies": {
          "Antlr4.Runtime.Standard": "[4.13.1, )"
        }
      }
    }
  }
}